
Microsoft Visual Studio Solution File, Format Version 12.00
# Visual Studio 15
VisualStudioVersion = 15.0.27130.2036
MinimumVisualStudioVersion = 10.0.40219.1
Project("{FAE04EC0-301F-11D3-BF4B-00C04F79EFBC}") = "DashBoradApp", "DashBoradApp\DashBoradApp.csproj", "{67CC270B-362A-4186-B98E-2E928958E982}"
EndProject
Project("{FAE04EC0-301F-11D3-BF4B-00C04F79EFBC}") = "DashBoradApp.Tests", "DashBoradApp.Tests\DashBoradApp.Tests.csproj", "{3ADF8B31-5448-44D6-8EC8-1C1F45E3BCB4}"
EndProject
Global
	GlobalSection(SolutionConfigurationPlatforms) = preSolution
		Debug|Any CPU = Debug|Any CPU
		Release|Any CPU = Release|Any CPU
	EndGlobalSection
	GlobalSection(ProjectConfigurationPlatforms) = postSolution
		{67CC270B-362A-4186-B98E-2E928958E982}.Debug|Any CPU.ActiveCfg = Debug|Any CPU
		{67CC270B-362A-4186-B98E-2E928958E982}.Debug|Any CPU.Build.0 = Debug|Any CPU
		{67CC270B-362A-4186-B98E-2E928958E982}.Release|Any CPU.ActiveCfg = Release|Any CPU
		{67CC270B-362A-4186-B98E-2E928958E982}.Release|Any CPU.Build.0 = Release|Any CPU
		{3ADF8B31-5448-44D6-8EC8-1C1F45E3BCB4}.Debug|Any CPU.ActiveCfg = Debug|Any CPU
		{3ADF8B31-5448-44D6-8EC8-1C1F45E3BCB4}.Debug|Any CPU.Build.0 = Debug|Any CPU
		{3ADF8B31-5448-44D6-8EC8-1C1F45E3BCB4}.Release|Any CPU.ActiveCfg = Release|Any CPU
		{3ADF8B31-5448-44D6-8EC8-1C1F45E3BCB4}.Release|Any CPU.Build.0 = Release|Any CPU
	EndGlobalSection
	GlobalSection(SolutionProperties) = preSolution
		HideSolutionNode = FALSE
	EndGlobalSection
	GlobalSection(ExtensibilityGlobals) = postSolution
		SolutionGuid = {2DEE24B4-E4F2-464C-BA25-F9B0C59AA5F7}
	EndGlobalSection
EndGlobal
